
Microsoft Visual Studio Solution File, Format Version 12.00
# Visual Studio Version 16
VisualStudioVersion = 16.0.31205.134
MinimumVisualStudioVersion = 10.0.40219.1
Project("{FAE04EC0-301F-11D3-BF4B-00C04F79EFBC}") = "RazorPagesMovie5", "RazorPagesMovie5\RazorPagesMovie5.csproj", "{AE14D8B1-DF9B-4ADA-A869-8F96E39C9410}"
EndProject
Global
	GlobalSection(SolutionConfigurationPlatforms) = preSolution
		Debug|Any CPU = Debug|Any CPU
		Release|Any CPU = Release|Any CPU
	EndGlobalSection
	GlobalSection(ProjectConfigurationPlatforms) = postSolution
		{AE14D8B1-DF9B-4ADA-A869-8F96E39C9410}.Debug|Any CPU.ActiveCfg = Debug|Any CPU
		{AE14D8B1-DF9B-4ADA-A869-8F96E39C9410}.Debug|Any CPU.Build.0 = Debug|Any CPU
		{AE14D8B1-DF9B-4ADA-A869-8F96E39C9410}.Release|Any CPU.ActiveCfg = Release|Any CPU
		{AE14D8B1-DF9B-4ADA-A869-8F96E39C9410}.Release|Any CPU.Build.0 = Release|Any CPU
	EndGlobalSection
	GlobalSection(SolutionProperties) = preSolution
		HideSolutionNode = FALSE
	EndGlobalSection
	GlobalSection(ExtensibilityGlobals) = postSolution
		SolutionGuid = {8B5F6ACF-5DDD-473C-BCCC-CCFF122FF71C}
	EndGlobalSection
EndGlobal
